// !$*UTF8*$!
{
	archiveVersion = 1;
	classes = {
	};
	objectVersion = 46;
	objects = {

/* Begin PBXBuildFile section */
		57B301F718F9A42B0002495C /* VBProjectState.m in Sources */ = {isa = PBXBuildFile; fileRef = 57B301F618F9A42B0002495C /* VBProjectState.m */; };
		57B301FA18F9A5B80002495C /* VBSampleForSerialization.m in Sources */ = {isa = PBXBuildFile; fileRef = 57B301F918F9A5B80002495C /* VBSampleForSerialization.m */; };
		8C03E4DC18EEB01700117D48 /* RRTableViewCell.m in Sources */ = {isa = PBXBuildFile; fileRef = 8C03E4DB18EEB01700117D48 /* RRTableViewCell.m */; };
		8C03E4DE18EEBFF900117D48 /* play.png in Resources */ = {isa = PBXBuildFile; fileRef = 8C03E4DD18EEBFF900117D48 /* play.png */; };
		8C0A8FD918E2CC1200C7C815 /* RecordingViewController.m in Sources */ = {isa = PBXBuildFile; fileRef = 8C0A8FD818E2CC1200C7C815 /* RecordingViewController.m */; };
		8C0A8FDB18E2D0F700C7C815 /* bgImage.jpg in Resources */ = {isa = PBXBuildFile; fileRef = 8C0A8FDA18E2D0F700C7C815 /* bgImage.jpg */; };
		8C0A8FE318E2EBEE00C7C815 /* navbar.png in Resources */ = {isa = PBXBuildFile; fileRef = 8C0A8FE218E2EBEE00C7C815 /* navbar.png */; };
		8C0A8FE818E2FB8400C7C815 /* Stop-Normal-Red-icon.png in Resources */ = {isa = PBXBuildFile; fileRef = 8C0A8FE418E2FB8400C7C815 /* Stop-Normal-Red-icon.png */; };
		8C0A8FE918E2FB8400C7C815 /* Play-Pressed-icon.png in Resources */ = {isa = PBXBuildFile; fileRef = 8C0A8FE518E2FB8400C7C815 /* Play-Pressed-icon.png */; };
		8C0A8FEA18E2FB8400C7C815 /* Stop-Pressed-Blue-icon.png in Resources */ = {isa = PBXBuildFile; fileRef = 8C0A8FE618E2FB8400C7C815 /* Stop-Pressed-Blue-icon.png */; };
		8C0A8FEB18E2FB8400C7C815 /* Play-Disabled-icon.png in Resources */ = {isa = PBXBuildFile; fileRef = 8C0A8FE718E2FB8400C7C815 /* Play-Disabled-icon.png */; };
		8C0C3D0D18E9ADA7006C0748 /* button_play_green.png in Resources */ = {isa = PBXBuildFile; fileRef = 8C0C3D0C18E9ADA7006C0748 /* button_play_green.png */; };
		8C0F5CFC18D9A4B0007A6599 /* SampleListViewController.m in Sources */ = {isa = PBXBuildFile; fileRef = 8C0F5CFB18D9A4B0007A6599 /* SampleListViewController.m */; };
		8C0F5CFF18D9A86F007A6599 /* AppDelegate.m in Sources */ = {isa = PBXBuildFile; fileRef = 8C0F5CFE18D9A86F007A6599 /* AppDelegate.m */; };
		8C21825E18F2B93000A108F4 /* RecordPressedImage.png in Resources */ = {isa = PBXBuildFile; fileRef = 8C21825C18F2B93000A108F4 /* RecordPressedImage.png */; };
		8C21825F18F2B93000A108F4 /* RecordNormalImage.png in Resources */ = {isa = PBXBuildFile; fileRef = 8C21825D18F2B93000A108F4 /* RecordNormalImage.png */; };
		8C21826518F2EF8C00A108F4 /* RRSample.m in Sources */ = {isa = PBXBuildFile; fileRef = 8C21826418F2EF8C00A108F4 /* RRSample.m */; };
		8C5737F318F58ED300BA8DA7 /* RRSampleListPlayButton.m in Sources */ = {isa = PBXBuildFile; fileRef = 8C5737F218F58ED300BA8DA7 /* RRSampleListPlayButton.m */; };
		8C5737F618F5918400BA8DA7 /* RRSampleListDeleteButton.m in Sources */ = {isa = PBXBuildFile; fileRef = 8C5737F518F5918400BA8DA7 /* RRSampleListDeleteButton.m */; };
		8C5737F818F59BBB00BA8DA7 /* delete.png in Resources */ = {isa = PBXBuildFile; fileRef = 8C5737F718F59BBB00BA8DA7 /* delete.png */; };
		8C5737FB18F59CC200BA8DA7 /* SignUpViewController.m in Sources */ = {isa = PBXBuildFile; fileRef = 8C5737FA18F59CC200BA8DA7 /* SignUpViewController.m */; };
		8CDE7BAD18D0C21C0082FE17 /* Foundation.framework in Frameworks */ = {isa = PBXBuildFile; fileRef = 8CDE7BAC18D0C21C0082FE17 /* Foundation.framework */; };
		8CDE7BAF18D0C21C0082FE17 /* CoreGraphics.framework in Frameworks */ = {isa = PBXBuildFile; fileRef = 8CDE7BAE18D0C21C0082FE17 /* CoreGraphics.framework */; };
		8CDE7BB118D0C21C0082FE17 /* UIKit.framework in Frameworks */ = {isa = PBXBuildFile; fileRef = 8CDE7BB018D0C21C0082FE17 /* UIKit.framework */; };
		8CDE7BB718D0C21C0082FE17 /* InfoPlist.strings in Resources */ = {isa = PBXBuildFile; fileRef = 8CDE7BB518D0C21C0082FE17 /* InfoPlist.strings */; };
		8CDE7BB918D0C21C0082FE17 /* main.m in Sources */ = {isa = PBXBuildFile; fileRef = 8CDE7BB818D0C21C0082FE17 /* main.m */; };
		8CDE7BC018D0C21C0082FE17 /* Main.storyboard in Resources */ = {isa = PBXBuildFile; fileRef = 8CDE7BBE18D0C21C0082FE17 /* Main.storyboard */; };
		8CDE7BC318D0C21C0082FE17 /* MainViewController.m in Sources */ = {isa = PBXBuildFile; fileRef = 8CDE7BC218D0C21C0082FE17 /* MainViewController.m */; };
		8CDE7BC518D0C21C0082FE17 /* Images.xcassets in Resources */ = {isa = PBXBuildFile; fileRef = 8CDE7BC418D0C21C0082FE17 /* Images.xcassets */; };
		8CDE7BCC18D0C21C0082FE17 /* XCTest.framework in Frameworks */ = {isa = PBXBuildFile; fileRef = 8CDE7BCB18D0C21C0082FE17 /* XCTest.framework */; };
		8CDE7BCD18D0C21C0082FE17 /* Foundation.framework in Frameworks */ = {isa = PBXBuildFile; fileRef = 8CDE7BAC18D0C21C0082FE17 /* Foundation.framework */; };
		8CDE7BCE18D0C21C0082FE17 /* UIKit.framework in Frameworks */ = {isa = PBXBuildFile; fileRef = 8CDE7BB018D0C21C0082FE17 /* UIKit.framework */; };
		8CDE7BD618D0C21C0082FE17 /* InfoPlist.strings in Resources */ = {isa = PBXBuildFile; fileRef = 8CDE7BD418D0C21C0082FE17 /* InfoPlist.strings */; };
		8CDE7BD818D0C21C0082FE17 /* AudioRecordingTests.m in Sources */ = {isa = PBXBuildFile; fileRef = 8CDE7BD718D0C21C0082FE17 /* AudioRecordingTests.m */; };
		8CDE7BE518D0CCB30082FE17 /* AudioPlayerViewController.m in Sources */ = {isa = PBXBuildFile; fileRef = 8CDE7BE318D0CCB30082FE17 /* AudioPlayerViewController.m */; };
		8CE71ED218E58AD500E40CBD /* AFHTTPRequestOperation.m in Sources */ = {isa = PBXBuildFile; fileRef = 8CE71EB018E58AD500E40CBD /* AFHTTPRequestOperation.m */; };
		8CE71ED318E58AD500E40CBD /* AFHTTPRequestOperationManager.m in Sources */ = {isa = PBXBuildFile; fileRef = 8CE71EB218E58AD500E40CBD /* AFHTTPRequestOperationManager.m */; };
		8CE71ED418E58AD500E40CBD /* AFHTTPSessionManager.m in Sources */ = {isa = PBXBuildFile; fileRef = 8CE71EB418E58AD500E40CBD /* AFHTTPSessionManager.m */; };
		8CE71ED518E58AD500E40CBD /* AFNetworkReachabilityManager.m in Sources */ = {isa = PBXBuildFile; fileRef = 8CE71EB718E58AD500E40CBD /* AFNetworkReachabilityManager.m */; };
		8CE71ED618E58AD500E40CBD /* AFSecurityPolicy.m in Sources */ = {isa = PBXBuildFile; fileRef = 8CE71EB918E58AD500E40CBD /* AFSecurityPolicy.m */; };
		8CE71ED718E58AD500E40CBD /* AFURLConnectionOperation.m in Sources */ = {isa = PBXBuildFile; fileRef = 8CE71EBB18E58AD500E40CBD /* AFURLConnectionOperation.m */; };
		8CE71ED818E58AD500E40CBD /* AFURLRequestSerialization.m in Sources */ = {isa = PBXBuildFile; fileRef = 8CE71EBD18E58AD500E40CBD /* AFURLRequestSerialization.m */; };
		8CE71ED918E58AD500E40CBD /* AFURLResponseSerialization.m in Sources */ = {isa = PBXBuildFile; fileRef = 8CE71EBF18E58AD500E40CBD /* AFURLResponseSerialization.m */; };
		8CE71EDA18E58AD500E40CBD /* AFURLSessionManager.m in Sources */ = {isa = PBXBuildFile; fileRef = 8CE71EC118E58AD500E40CBD /* AFURLSessionManager.m */; };
		8CE71EDB18E58AD500E40CBD /* AFNetworkActivityIndicatorManager.m in Sources */ = {isa = PBXBuildFile; fileRef = 8CE71EC418E58AD500E40CBD /* AFNetworkActivityIndicatorManager.m */; };
		8CE71EDC18E58AD500E40CBD /* UIActivityIndicatorView+AFNetworking.m in Sources */ = {isa = PBXBuildFile; fileRef = 8CE71EC618E58AD500E40CBD /* UIActivityIndicatorView+AFNetworking.m */; };
		8CE71EDD18E58AD500E40CBD /* UIAlertView+AFNetworking.m in Sources */ = {isa = PBXBuildFile; fileRef = 8CE71EC818E58AD500E40CBD /* UIAlertView+AFNetworking.m */; };
		8CE71EDE18E58AD500E40CBD /* UIButton+AFNetworking.m in Sources */ = {isa = PBXBuildFile; fileRef = 8CE71ECA18E58AD500E40CBD /* UIButton+AFNetworking.m */; };
		8CE71EDF18E58AD500E40CBD /* UIImageView+AFNetworking.m in Sources */ = {isa = PBXBuildFile; fileRef = 8CE71ECC18E58AD500E40CBD /* UIImageView+AFNetworking.m */; };
		8CE71EE018E58AD500E40CBD /* UIProgressView+AFNetworking.m in Sources */ = {isa = PBXBuildFile; fileRef = 8CE71ECF18E58AD500E40CBD /* UIProgressView+AFNetworking.m */; };
		8CE71EE118E58AD500E40CBD /* UIWebView+AFNetworking.m in Sources */ = {isa = PBXBuildFile; fileRef = 8CE71ED118E58AD500E40CBD /* UIWebView+AFNetworking.m */; };
		8CE71EE318E5C8C800E40CBD /* Record.caf in Resources */ = {isa = PBXBuildFile; fileRef = 8CE71EE218E5C8C800E40CBD /* Record.caf */; };
		8CF0E40A18E9735C0070EDC0 /* LoginViewController.m in Sources */ = {isa = PBXBuildFile; fileRef = 8CF0E40918E9735C0070EDC0 /* LoginViewController.m */; };
		8CF0E40E18E97D030070EDC0 /* background1.jpg in Resources */ = {isa = PBXBuildFile; fileRef = 8CF0E40D18E97D030070EDC0 /* background1.jpg */; };
		8CF0E41018E981A60070EDC0 /* logo.png in Resources */ = {isa = PBXBuildFile; fileRef = 8CF0E40F18E981A60070EDC0 /* logo.png */; };
		8CF0E41218E993E20070EDC0 /* background2.jpg in Resources */ = {isa = PBXBuildFile; fileRef = 8CF0E41118E993E20070EDC0 /* background2.jpg */; };
		8CF0E41418E994C70070EDC0 /* orangePaper.jpg in Resources */ = {isa = PBXBuildFile; fileRef = 8CF0E41318E994C70070EDC0 /* orangePaper.jpg */; };
		8CF0E41618E998D20070EDC0 /* greenGradient.jpg in Resources */ = {isa = PBXBuildFile; fileRef = 8CF0E41518E998D20070EDC0 /* greenGradient.jpg */; };
		8CF6FFC018EC17490099CF95 /* AudioPlayer.m in Sources */ = {isa = PBXBuildFile; fileRef = 8CF6FFBF18EC17490099CF95 /* AudioPlayer.m */; };
		8CF6FFC418EC4DA80099CF95 /* EditorViewController.m in Sources */ = {isa = PBXBuildFile; fileRef = 8CF6FFC318EC4DA80099CF95 /* EditorViewController.m */; };
		8CF6FFC918EC61EC0099CF95 /* checkedCheckbox.png in Resources */ = {isa = PBXBuildFile; fileRef = 8CF6FFC718EC61EC0099CF95 /* checkedCheckbox.png */; };
		8CF6FFCA18EC61EC0099CF95 /* uncheckedCheckbox.png in Resources */ = {isa = PBXBuildFile; fileRef = 8CF6FFC818EC61EC0099CF95 /* uncheckedCheckbox.png */; };
		8CF6FFCD18EC6E840099CF95 /* RRButton.m in Sources */ = {isa = PBXBuildFile; fileRef = 8CF6FFCC18EC6E840099CF95 /* RRButton.m */; };
		8CF6FFD118EC70100099CF95 /* RRCheckBox.m in Sources */ = {isa = PBXBuildFile; fileRef = 8CF6FFD018EC70100099CF95 /* RRCheckBox.m */; };
		8CF6FFD618EC72E30099CF95 /* RRTextField.m in Sources */ = {isa = PBXBuildFile; fileRef = 8CF6FFD518EC72E30099CF95 /* RRTextField.m */; };
		8CF9FA9018F6C4C900F99029 /* Session.m in Sources */ = {isa = PBXBuildFile; fileRef = 8CF9FA8F18F6C4C900F99029 /* Session.m */; };
		8CF9FA9318F6D78E00F99029 /* DownloadedSamples.m in Sources */ = {isa = PBXBuildFile; fileRef = 8CF9FA9218F6D78E00F99029 /* DownloadedSamples.m */; };
/* End PBXBuildFile section */

/* Begin PBXContainerItemProxy section */
		8CDE7BCF18D0C21C0082FE17 /* PBXContainerItemProxy */ = {
			isa = PBXContainerItemProxy;
			containerPortal = 8CDE7BA118D0C21C0082FE17 /* Project object */;
			proxyType = 1;
			remoteGlobalIDString = 8CDE7BA818D0C21C0082FE17;
			remoteInfo = AudioRecording;
		};
/* End PBXContainerItemProxy section */

/* Begin PBXFileReference section */
		57B301F518F9A42B0002495C /* VBProjectState.h */ = {isa = PBXFileReference; fileEncoding = 4; lastKnownFileType = sourcecode.c.h; path = VBProjectState.h; sourceTree = "<group>"; };
		57B301F618F9A42B0002495C /* VBProjectState.m */ = {isa = PBXFileReference; fileEncoding = 4; lastKnownFileType = sourcecode.c.objc; path = VBProjectState.m; sourceTree = "<group>"; };
		57B301F818F9A5B80002495C /* VBSampleForSerialization.h */ = {isa = PBXFileReference; fileEncoding = 4; lastKnownFileType = sourcecode.c.h; path = VBSampleForSerialization.h; sourceTree = "<group>"; };
		57B301F918F9A5B80002495C /* VBSampleForSerialization.m */ = {isa = PBXFileReference; fileEncoding = 4; lastKnownFileType = sourcecode.c.objc; path = VBSampleForSerialization.m; sourceTree = "<group>"; };
		8C03E4DA18EEB01700117D48 /* RRTableViewCell.h */ = {isa = PBXFileReference; fileEncoding = 4; lastKnownFileType = sourcecode.c.h; path = RRTableViewCell.h; sourceTree = "<group>"; };
		8C03E4DB18EEB01700117D48 /* RRTableViewCell.m */ = {isa = PBXFileReference; fileEncoding = 4; lastKnownFileType = sourcecode.c.objc; path = RRTableViewCell.m; sourceTree = "<group>"; };
		8C03E4DD18EEBFF900117D48 /* play.png */ = {isa = PBXFileReference; lastKnownFileType = image.png; path = play.png; sourceTree = "<group>"; };
		8C0A8FD718E2CC1200C7C815 /* RecordingViewController.h */ = {isa = PBXFileReference; fileEncoding = 4; lastKnownFileType = sourcecode.c.h; path = RecordingViewController.h; sourceTree = "<group>"; };
		8C0A8FD818E2CC1200C7C815 /* RecordingViewController.m */ = {isa = PBXFileReference; fileEncoding = 4; lastKnownFileType = sourcecode.c.objc; path = RecordingViewController.m; sourceTree = "<group>"; };
		8C0A8FDA18E2D0F700C7C815 /* bgImage.jpg */ = {isa = PBXFileReference; lastKnownFileType = image.jpeg; path = bgImage.jpg; sourceTree = "<group>"; };
		8C0A8FE218E2EBEE00C7C815 /* navbar.png */ = {isa = PBXFileReference; lastKnownFileType = image.png; path = navbar.png; sourceTree = "<group>"; };
		8C0A8FE418E2FB8400C7C815 /* Stop-Normal-Red-icon.png */ = {isa = PBXFileReference; lastKnownFileType = image.png; path = "Stop-Normal-Red-icon.png"; sourceTree = "<group>"; };
		8C0A8FE518E2FB8400C7C815 /* Play-Pressed-icon.png */ = {isa = PBXFileReference; lastKnownFileType = image.png; path = "Play-Pressed-icon.png"; sourceTree = "<group>"; };
		8C0A8FE618E2FB8400C7C815 /* Stop-Pressed-Blue-icon.png */ = {isa = PBXFileReference; lastKnownFileType = image.png; path = "Stop-Pressed-Blue-icon.png"; sourceTree = "<group>"; };
		8C0A8FE718E2FB8400C7C815 /* Play-Disabled-icon.png */ = {isa = PBXFileReference; lastKnownFileType = image.png; path = "Play-Disabled-icon.png"; sourceTree = "<group>"; };
		8C0C3D0C18E9ADA7006C0748 /* button_play_green.png */ = {isa = PBXFileReference; lastKnownFileType = image.png; path = button_play_green.png; sourceTree = "<group>"; };
		8C0F5CFA18D9A4B0007A6599 /* SampleListViewController.h */ = {isa = PBXFileReference; fileEncoding = 4; lastKnownFileType = sourcecode.c.h; path = SampleListViewController.h; sourceTree = "<group>"; };
		8C0F5CFB18D9A4B0007A6599 /* SampleListViewController.m */ = {isa = PBXFileReference; fileEncoding = 4; lastKnownFileType = sourcecode.c.objc; path = SampleListViewController.m; sourceTree = "<group>"; };
		8C0F5CFD18D9A86F007A6599 /* AppDelegate.h */ = {isa = PBXFileReference; fileEncoding = 4; lastKnownFileType = sourcecode.c.h; path = AppDelegate.h; sourceTree = "<group>"; };
		8C0F5CFE18D9A86F007A6599 /* AppDelegate.m */ = {isa = PBXFileReference; fileEncoding = 4; lastKnownFileType = sourcecode.c.objc; path = AppDelegate.m; sourceTree = "<group>"; };
		8C21825C18F2B93000A108F4 /* RecordPressedImage.png */ = {isa = PBXFileReference; lastKnownFileType = image.png; path = RecordPressedImage.png; sourceTree = "<group>"; };
		8C21825D18F2B93000A108F4 /* RecordNormalImage.png */ = {isa = PBXFileReference; lastKnownFileType = image.png; path = RecordNormalImage.png; sourceTree = "<group>"; };
		8C21826318F2EF8C00A108F4 /* RRSample.h */ = {isa = PBXFileReference; fileEncoding = 4; lastKnownFileType = sourcecode.c.h; path = RRSample.h; sourceTree = "<group>"; };
		8C21826418F2EF8C00A108F4 /* RRSample.m */ = {isa = PBXFileReference; fileEncoding = 4; lastKnownFileType = sourcecode.c.objc; path = RRSample.m; sourceTree = "<group>"; };
		8C5737F118F58ED300BA8DA7 /* RRSampleListPlayButton.h */ = {isa = PBXFileReference; fileEncoding = 4; lastKnownFileType = sourcecode.c.h; path = RRSampleListPlayButton.h; sourceTree = "<group>"; };
		8C5737F218F58ED300BA8DA7 /* RRSampleListPlayButton.m */ = {isa = PBXFileReference; fileEncoding = 4; lastKnownFileType = sourcecode.c.objc; path = RRSampleListPlayButton.m; sourceTree = "<group>"; };
		8C5737F418F5918400BA8DA7 /* RRSampleListDeleteButton.h */ = {isa = PBXFileReference; fileEncoding = 4; lastKnownFileType = sourcecode.c.h; path = RRSampleListDeleteButton.h; sourceTree = "<group>"; };
		8C5737F518F5918400BA8DA7 /* RRSampleListDeleteButton.m */ = {isa = PBXFileReference; fileEncoding = 4; lastKnownFileType = sourcecode.c.objc; path = RRSampleListDeleteButton.m; sourceTree = "<group>"; };
		8C5737F718F59BBB00BA8DA7 /* delete.png */ = {isa = PBXFileReference; lastKnownFileType = image.png; path = delete.png; sourceTree = "<group>"; };
		8C5737F918F59CC200BA8DA7 /* SignUpViewController.h */ = {isa = PBXFileReference; fileEncoding = 4; lastKnownFileType = sourcecode.c.h; path = SignUpViewController.h; sourceTree = "<group>"; };
		8C5737FA18F59CC200BA8DA7 /* SignUpViewController.m */ = {isa = PBXFileReference; fileEncoding = 4; lastKnownFileType = sourcecode.c.objc; path = SignUpViewController.m; sourceTree = "<group>"; };
		8CDE7BA918D0C21C0082FE17 /* AudioRecording.app */ = {isa = PBXFileReference; explicitFileType = wrapper.application; includeInIndex = 0; path = AudioRecording.app; sourceTree = BUILT_PRODUCTS_DIR; };
		8CDE7BAC18D0C21C0082FE17 /* Foundation.framework */ = {isa = PBXFileReference; lastKnownFileType = wrapper.framework; name = Foundation.framework; path = System/Library/Frameworks/Foundation.framework; sourceTree = SDKROOT; };
		8CDE7BAE18D0C21C0082FE17 /* CoreGraphics.framework */ = {isa = PBXFileReference; lastKnownFileType = wrapper.framework; name = CoreGraphics.framework; path = System/Library/Frameworks/CoreGraphics.framework; sourceTree = SDKROOT; };
		8CDE7BB018D0C21C0082FE17 /* UIKit.framework */ = {isa = PBXFileReference; lastKnownFileType = wrapper.framework; name = UIKit.framework; path = System/Library/Frameworks/UIKit.framework; sourceTree = SDKROOT; };
		8CDE7BB418D0C21C0082FE17 /* AudioRecording-Info.plist */ = {isa = PBXFileReference; lastKnownFileType = text.plist.xml; path = "AudioRecording-Info.plist"; sourceTree = "<group>"; };
		8CDE7BB618D0C21C0082FE17 /* en */ = {isa = PBXFileReference; lastKnownFileType = text.plist.strings; name = en; path = en.lproj/InfoPlist.strings; sourceTree = "<group>"; };
		8CDE7BB818D0C21C0082FE17 /* main.m */ = {isa = PBXFileReference; lastKnownFileType = sourcecode.c.objc; path = main.m; sourceTree = "<group>"; };
		8CDE7BBA18D0C21C0082FE17 /* AudioRecording-Prefix.pch */ = {isa = PBXFileReference; lastKnownFileType = sourcecode.c.h; path = "AudioRecording-Prefix.pch"; sourceTree = "<group>"; };
		8CDE7BBF18D0C21C0082FE17 /* Base */ = {isa = PBXFileReference; lastKnownFileType = file.storyboard; name = Base; path = Base.lproj/Main.storyboard; sourceTree = "<group>"; };
		8CDE7BC118D0C21C0082FE17 /* MainViewController.h */ = {isa = PBXFileReference; lastKnownFileType = sourcecode.c.h; path = MainViewController.h; sourceTree = "<group>"; };
		8CDE7BC218D0C21C0082FE17 /* MainViewController.m */ = {isa = PBXFileReference; lastKnownFileType = sourcecode.c.objc; path = MainViewController.m; sourceTree = "<group>"; };
		8CDE7BC418D0C21C0082FE17 /* Images.xcassets */ = {isa = PBXFileReference; lastKnownFileType = folder.assetcatalog; path = Images.xcassets; sourceTree = "<group>"; };
		8CDE7BCA18D0C21C0082FE17 /* AudioRecordingTests.xctest */ = {isa = PBXFileReference; explicitFileType = wrapper.cfbundle; includeInIndex = 0; path = AudioRecordingTests.xctest; sourceTree = BUILT_PRODUCTS_DIR; };
		8CDE7BCB18D0C21C0082FE17 /* XCTest.framework */ = {isa = PBXFileReference; lastKnownFileType = wrapper.framework; name = XCTest.framework; path = Library/Frameworks/XCTest.framework; sourceTree = DEVELOPER_DIR; };
		8CDE7BD318D0C21C0082FE17 /* AudioRecordingTests-Info.plist */ = {isa = PBXFileReference; lastKnownFileType = text.plist.xml; path = "AudioRecordingTests-Info.plist"; sourceTree = "<group>"; };
		8CDE7BD518D0C21C0082FE17 /* en */ = {isa = PBXFileReference; lastKnownFileType = text.plist.strings; name = en; path = en.lproj/InfoPlist.strings; sourceTree = "<group>"; };
		8CDE7BD718D0C21C0082FE17 /* AudioRecordingTests.m */ = {isa = PBXFileReference; lastKnownFileType = sourcecode.c.objc; path = AudioRecordingTests.m; sourceTree = "<group>"; };
		8CDE7BE218D0CCB30082FE17 /* AudioPlayerViewController.h */ = {isa = PBXFileReference; fileEncoding = 4; lastKnownFileType = sourcecode.c.h; path = AudioPlayerViewController.h; sourceTree = "<group>"; };
		8CDE7BE318D0CCB30082FE17 /* AudioPlayerViewController.m */ = {isa = PBXFileReference; fileEncoding = 4; lastKnownFileType = sourcecode.c.objc; path = AudioPlayerViewController.m; sourceTree = "<group>"; };
		8CE71EAF18E58AD500E40CBD /* AFHTTPRequestOperation.h */ = {isa = PBXFileReference; fileEncoding = 4; lastKnownFileType = sourcecode.c.h; path = AFHTTPRequestOperation.h; sourceTree = "<group>"; };
		8CE71EB018E58AD500E40CBD /* AFHTTPRequestOperation.m */ = {isa = PBXFileReference; fileEncoding = 4; lastKnownFileType = sourcecode.c.objc; path = AFHTTPRequestOperation.m; sourceTree = "<group>"; };
		8CE71EB118E58AD500E40CBD /* AFHTTPRequestOperationManager.h */ = {isa = PBXFileReference; fileEncoding = 4; lastKnownFileType = sourcecode.c.h; path = AFHTTPRequestOperationManager.h; sourceTree = "<group>"; };
		8CE71EB218E58AD500E40CBD /* AFHTTPRequestOperationManager.m */ = {isa = PBXFileReference; fileEncoding = 4; lastKnownFileType = sourcecode.c.objc; path = AFHTTPRequestOperationManager.m; sourceTree = "<group>"; };
		8CE71EB318E58AD500E40CBD /* AFHTTPSessionManager.h */ = {isa = PBXFileReference; fileEncoding = 4; lastKnownFileType = sourcecode.c.h; path = AFHTTPSessionManager.h; sourceTree = "<group>"; };
		8CE71EB418E58AD500E40CBD /* AFHTTPSessionManager.m */ = {isa = PBXFileReference; fileEncoding = 4; lastKnownFileType = sourcecode.c.objc; path = AFHTTPSessionManager.m; sourceTree = "<group>"; };
		8CE71EB518E58AD500E40CBD /* AFNetworking.h */ = {isa = PBXFileReference; fileEncoding = 4; lastKnownFileType = sourcecode.c.h; path = AFNetworking.h; sourceTree = "<group>"; };
		8CE71EB618E58AD500E40CBD /* AFNetworkReachabilityManager.h */ = {isa = PBXFileReference; fileEncoding = 4; lastKnownFileType = sourcecode.c.h; path = AFNetworkReachabilityManager.h; sourceTree = "<group>"; };
		8CE71EB718E58AD500E40CBD /* AFNetworkReachabilityManager.m */ = {isa = PBXFileReference; fileEncoding = 4; lastKnownFileType = sourcecode.c.objc; path = AFNetworkReachabilityManager.m; sourceTree = "<group>"; };
		8CE71EB818E58AD500E40CBD /* AFSecurityPolicy.h */ = {isa = PBXFileReference; fileEncoding = 4; lastKnownFileType = sourcecode.c.h; path = AFSecurityPolicy.h; sourceTree = "<group>"; };
		8CE71EB918E58AD500E40CBD /* AFSecurityPolicy.m */ = {isa = PBXFileReference; fileEncoding = 4; lastKnownFileType = sourcecode.c.objc; path = AFSecurityPolicy.m; sourceTree = "<group>"; };
		8CE71EBA18E58AD500E40CBD /* AFURLConnectionOperation.h */ = {isa = PBXFileReference; fileEncoding = 4; lastKnownFileType = sourcecode.c.h; path = AFURLConnectionOperation.h; sourceTree = "<group>"; };
		8CE71EBB18E58AD500E40CBD /* AFURLConnectionOperation.m */ = {isa = PBXFileReference; fileEncoding = 4; lastKnownFileType = sourcecode.c.objc; path = AFURLConnectionOperation.m; sourceTree = "<group>"; };
		8CE71EBC18E58AD500E40CBD /* AFURLRequestSerialization.h */ = {isa = PBXFileReference; fileEncoding = 4; lastKnownFileType = sourcecode.c.h; path = AFURLRequestSerialization.h; sourceTree = "<group>"; };
		8CE71EBD18E58AD500E40CBD /* AFURLRequestSerialization.m */ = {isa = PBXFileReference; fileEncoding = 4; lastKnownFileType = sourcecode.c.objc; path = AFURLRequestSerialization.m; sourceTree = "<group>"; };
		8CE71EBE18E58AD500E40CBD /* AFURLResponseSerialization.h */ = {isa = PBXFileReference; fileEncoding = 4; lastKnownFileType = sourcecode.c.h; path = AFURLResponseSerialization.h; sourceTree = "<group>"; };
		8CE71EBF18E58AD500E40CBD /* AFURLResponseSerialization.m */ = {isa = PBXFileReference; fileEncoding = 4; lastKnownFileType = sourcecode.c.objc; path = AFURLResponseSerialization.m; sourceTree = "<group>"; };
		8CE71EC018E58AD500E40CBD /* AFURLSessionManager.h */ = {isa = PBXFileReference; fileEncoding = 4; lastKnownFileType = sourcecode.c.h; path = AFURLSessionManager.h; sourceTree = "<group>"; };
		8CE71EC118E58AD500E40CBD /* AFURLSessionManager.m */ = {isa = PBXFileReference; fileEncoding = 4; lastKnownFileType = sourcecode.c.objc; path = AFURLSessionManager.m; sourceTree = "<group>"; };
		8CE71EC318E58AD500E40CBD /* AFNetworkActivityIndicatorManager.h */ = {isa = PBXFileReference; fileEncoding = 4; lastKnownFileType = sourcecode.c.h; path = AFNetworkActivityIndicatorManager.h; sourceTree = "<group>"; };
		8CE71EC418E58AD500E40CBD /* AFNetworkActivityIndicatorManager.m */ = {isa = PBXFileReference; fileEncoding = 4; lastKnownFileType = sourcecode.c.objc; path = AFNetworkActivityIndicatorManager.m; sourceTree = "<group>"; };
		8CE71EC518E58AD500E40CBD /* UIActivityIndicatorView+AFNetworking.h */ = {isa = PBXFileReference; fileEncoding = 4; lastKnownFileType = sourcecode.c.h; path = "UIActivityIndicatorView+AFNetworking.h"; sourceTree = "<group>"; };
		8CE71EC618E58AD500E40CBD /* UIActivityIndicatorView+AFNetworking.m */ = {isa = PBXFileReference; fileEncoding = 4; lastKnownFileType = sourcecode.c.objc; path = "UIActivityIndicatorView+AFNetworking.m"; sourceTree = "<group>"; };
		8CE71EC718E58AD500E40CBD /* UIAlertView+AFNetworking.h */ = {isa = PBXFileReference; fileEncoding = 4; lastKnownFileType = sourcecode.c.h; path = "UIAlertView+AFNetworking.h"; sourceTree = "<group>"; };
		8CE71EC818E58AD500E40CBD /* UIAlertView+AFNetworking.m */ = {isa = PBXFileReference; fileEncoding = 4; lastKnownFileType = sourcecode.c.objc; path = "UIAlertView+AFNetworking.m"; sourceTree = "<group>"; };
		8CE71EC918E58AD500E40CBD /* UIButton+AFNetworking.h */ = {isa = PBXFileReference; fileEncoding = 4; lastKnownFileType = sourcecode.c.h; path = "UIButton+AFNetworking.h"; sourceTree = "<group>"; };
		8CE71ECA18E58AD500E40CBD /* UIButton+AFNetworking.m */ = {isa = PBXFileReference; fileEncoding = 4; lastKnownFileType = sourcecode.c.objc; path = "UIButton+AFNetworking.m"; sourceTree = "<group>"; };
		8CE71ECB18E58AD500E40CBD /* UIImageView+AFNetworking.h */ = {isa = PBXFileReference; fileEncoding = 4; lastKnownFileType = sourcecode.c.h; path = "UIImageView+AFNetworking.h"; sourceTree = "<group>"; };
		8CE71ECC18E58AD500E40CBD /* UIImageView+AFNetworking.m */ = {isa = PBXFileReference; fileEncoding = 4; lastKnownFileType = sourcecode.c.objc; path = "UIImageView+AFNetworking.m"; sourceTree = "<group>"; };
		8CE71ECD18E58AD500E40CBD /* UIKit+AFNetworking.h */ = {isa = PBXFileReference; fileEncoding = 4; lastKnownFileType = sourcecode.c.h; path = "UIKit+AFNetworking.h"; sourceTree = "<group>"; };
		8CE71ECE18E58AD500E40CBD /* UIProgressView+AFNetworking.h */ = {isa = PBXFileReference; fileEncoding = 4; lastKnownFileType = sourcecode.c.h; path = "UIProgressView+AFNetworking.h"; sourceTree = "<group>"; };
		8CE71ECF18E58AD500E40CBD /* UIProgressView+AFNetworking.m */ = {isa = PBXFileReference; fileEncoding = 4; lastKnownFileType = sourcecode.c.objc; path = "UIProgressView+AFNetworking.m"; sourceTree = "<group>"; };
		8CE71ED018E58AD500E40CBD /* UIWebView+AFNetworking.h */ = {isa = PBXFileReference; fileEncoding = 4; lastKnownFileType = sourcecode.c.h; path = "UIWebView+AFNetworking.h"; sourceTree = "<group>"; };
		8CE71ED118E58AD500E40CBD /* UIWebView+AFNetworking.m */ = {isa = PBXFileReference; fileEncoding = 4; lastKnownFileType = sourcecode.c.objc; path = "UIWebView+AFNetworking.m"; sourceTree = "<group>"; };
		8CE71EE218E5C8C800E40CBD /* Record.caf */ = {isa = PBXFileReference; fileEncoding = 4; lastKnownFileType = text; path = Record.caf; sourceTree = "<group>"; };
		8CF0E40818E9735C0070EDC0 /* LoginViewController.h */ = {isa = PBXFileReference; fileEncoding = 4; lastKnownFileType = sourcecode.c.h; path = LoginViewController.h; sourceTree = "<group>"; };
		8CF0E40918E9735C0070EDC0 /* LoginViewController.m */ = {isa = PBXFileReference; fileEncoding = 4; lastKnownFileType = sourcecode.c.objc; path = LoginViewController.m; sourceTree = "<group>"; };
		8CF0E40D18E97D030070EDC0 /* background1.jpg */ = {isa = PBXFileReference; lastKnownFileType = image.jpeg; path = background1.jpg; sourceTree = "<group>"; };
		8CF0E40F18E981A60070EDC0 /* logo.png */ = {isa = PBXFileReference; lastKnownFileType = image.png; path = logo.png; sourceTree = "<group>"; };
		8CF0E41118E993E20070EDC0 /* background2.jpg */ = {isa = PBXFileReference; lastKnownFileType = image.jpeg; path = background2.jpg; sourceTree = "<group>"; };
		8CF0E41318E994C70070EDC0 /* orangePaper.jpg */ = {isa = PBXFileReference; lastKnownFileType = image.jpeg; path = orangePaper.jpg; sourceTree = "<group>"; };
		8CF0E41518E998D20070EDC0 /* greenGradient.jpg */ = {isa = PBXFileReference; lastKnownFileType = image.jpeg; path = greenGradient.jpg; sourceTree = "<group>"; };
		8CF6FFBE18EC17490099CF95 /* AudioPlayer.h */ = {isa = PBXFileReference; fileEncoding = 4; lastKnownFileType = sourcecode.c.h; path = AudioPlayer.h; sourceTree = "<group>"; };
		8CF6FFBF18EC17490099CF95 /* AudioPlayer.m */ = {isa = PBXFileReference; fileEncoding = 4; lastKnownFileType = sourcecode.c.objc; path = AudioPlayer.m; sourceTree = "<group>"; };
		8CF6FFC218EC4DA80099CF95 /* EditorViewController.h */ = {isa = PBXFileReference; fileEncoding = 4; lastKnownFileType = sourcecode.c.h; path = EditorViewController.h; sourceTree = "<group>"; };
		8CF6FFC318EC4DA80099CF95 /* EditorViewController.m */ = {isa = PBXFileReference; fileEncoding = 4; lastKnownFileType = sourcecode.c.objc; path = EditorViewController.m; sourceTree = "<group>"; };
		8CF6FFC718EC61EC0099CF95 /* checkedCheckbox.png */ = {isa = PBXFileReference; lastKnownFileType = image.png; path = checkedCheckbox.png; sourceTree = "<group>"; };
		8CF6FFC818EC61EC0099CF95 /* uncheckedCheckbox.png */ = {isa = PBXFileReference; lastKnownFileType = image.png; path = uncheckedCheckbox.png; sourceTree = "<group>"; };
		8CF6FFCB18EC6E840099CF95 /* RRButton.h */ = {isa = PBXFileReference; fileEncoding = 4; lastKnownFileType = sourcecode.c.h; path = RRButton.h; sourceTree = "<group>"; };
		8CF6FFCC18EC6E840099CF95 /* RRButton.m */ = {isa = PBXFileReference; fileEncoding = 4; lastKnownFileType = sourcecode.c.objc; path = RRButton.m; sourceTree = "<group>"; };
		8CF6FFCF18EC70100099CF95 /* RRCheckBox.h */ = {isa = PBXFileReference; fileEncoding = 4; lastKnownFileType = sourcecode.c.h; path = RRCheckBox.h; sourceTree = "<group>"; };
		8CF6FFD018EC70100099CF95 /* RRCheckBox.m */ = {isa = PBXFileReference; fileEncoding = 4; lastKnownFileType = sourcecode.c.objc; path = RRCheckBox.m; sourceTree = "<group>"; };
		8CF6FFD418EC72E30099CF95 /* RRTextField.h */ = {isa = PBXFileReference; fileEncoding = 4; lastKnownFileType = sourcecode.c.h; path = RRTextField.h; sourceTree = "<group>"; };
		8CF6FFD518EC72E30099CF95 /* RRTextField.m */ = {isa = PBXFileReference; fileEncoding = 4; lastKnownFileType = sourcecode.c.objc; path = RRTextField.m; sourceTree = "<group>"; };
		8CF9FA8E18F6C4C900F99029 /* Session.h */ = {isa = PBXFileReference; fileEncoding = 4; lastKnownFileType = sourcecode.c.h; path = Session.h; sourceTree = "<group>"; };
		8CF9FA8F18F6C4C900F99029 /* Session.m */ = {isa = PBXFileReference; fileEncoding = 4; lastKnownFileType = sourcecode.c.objc; path = Session.m; sourceTree = "<group>"; };
		8CF9FA9118F6D78E00F99029 /* DownloadedSamples.h */ = {isa = PBXFileReference; fileEncoding = 4; lastKnownFileType = sourcecode.c.h; path = DownloadedSamples.h; sourceTree = "<group>"; };
		8CF9FA9218F6D78E00F99029 /* DownloadedSamples.m */ = {isa = PBXFileReference; fileEncoding = 4; lastKnownFileType = sourcecode.c.objc; path = DownloadedSamples.m; sourceTree = "<group>"; };
/* End PBXFileReference section */

/* Begin PBXFrameworksBuildPhase section */
		8CDE7BA618D0C21C0082FE17 /* Frameworks */ = {
			isa = PBXFrameworksBuildPhase;
			buildActionMask = 2147483647;
			files = (
				8CDE7BAF18D0C21C0082FE17 /* CoreGraphics.framework in Frameworks */,
				8CDE7BB118D0C21C0082FE17 /* UIKit.framework in Frameworks */,
				8CDE7BAD18D0C21C0082FE17 /* Foundation.framework in Frameworks */,
			);
			runOnlyForDeploymentPostprocessing = 0;
		};
		8CDE7BC718D0C21C0082FE17 /* Frameworks */ = {
			isa = PBXFrameworksBuildPhase;
			buildActionMask = 2147483647;
			files = (
				8CDE7BCC18D0C21C0082FE17 /* XCTest.framework in Frameworks */,
				8CDE7BCE18D0C21C0082FE17 /* UIKit.framework in Frameworks */,
				8CDE7BCD18D0C21C0082FE17 /* Foundation.framework in Frameworks */,
			);
			runOnlyForDeploymentPostprocessing = 0;
		};
/* End PBXFrameworksBuildPhase section */

/* Begin PBXGroup section */
		57B301F418F9A3FC0002495C /* ProjectState */ = {
			isa = PBXGroup;
			children = (
				57B301F518F9A42B0002495C /* VBProjectState.h */,
				57B301F618F9A42B0002495C /* VBProjectState.m */,
				57B301F818F9A5B80002495C /* VBSampleForSerialization.h */,
				57B301F918F9A5B80002495C /* VBSampleForSerialization.m */,
			);
			name = ProjectState;
			sourceTree = "<group>";
		};
		57B301FB18F9C6A10002495C /* ViewControllers */ = {
			isa = PBXGroup;
			children = (
				8CF0E40818E9735C0070EDC0 /* LoginViewController.h */,
				8CF0E40918E9735C0070EDC0 /* LoginViewController.m */,
				8CDE7BC118D0C21C0082FE17 /* MainViewController.h */,
				8CDE7BC218D0C21C0082FE17 /* MainViewController.m */,
				8C0A8FD718E2CC1200C7C815 /* RecordingViewController.h */,
				8C0A8FD818E2CC1200C7C815 /* RecordingViewController.m */,
				8C0F5CFA18D9A4B0007A6599 /* SampleListViewController.h */,
				8C0F5CFB18D9A4B0007A6599 /* SampleListViewController.m */,
				8CF6FFC218EC4DA80099CF95 /* EditorViewController.h */,
				8CF6FFC318EC4DA80099CF95 /* EditorViewController.m */,
				8C5737F918F59CC200BA8DA7 /* SignUpViewController.h */,
				8C5737FA18F59CC200BA8DA7 /* SignUpViewController.m */,
			);
			name = ViewControllers;
			sourceTree = "<group>";
		};
		8C03E4D918EEAFED00117D48 /* CustomTableViewCell */ = {
			isa = PBXGroup;
			children = (
				8C03E4DA18EEB01700117D48 /* RRTableViewCell.h */,
				8C03E4DB18EEB01700117D48 /* RRTableViewCell.m */,
			);
			name = CustomTableViewCell;
			sourceTree = "<group>";
		};
		8C0A8FEC18E2FB8F00C7C815 /* Images */ = {
			isa = PBXGroup;
			children = (
				8C5737F718F59BBB00BA8DA7 /* delete.png */,
				8CF6FFC618EC61A00099CF95 /* Buttons */,
				8CF6FFC518EC61800099CF95 /* Backgrounds */,
				8CF0E41518E998D20070EDC0 /* greenGradient.jpg */,
				8CF0E41318E994C70070EDC0 /* orangePaper.jpg */,
				8CF0E40F18E981A60070EDC0 /* logo.png */,
				8C0A8FE218E2EBEE00C7C815 /* navbar.png */,
			);
			name = Images;
			sourceTree = "<group>";
		};
		8C21825218F28A3C00A108F4 /* Track */ = {
			isa = PBXGroup;
			children = (
			);
			name = Track;
			sourceTree = "<group>";
		};
		8CDE7BA018D0C21C0082FE17 = {
			isa = PBXGroup;
			children = (
				8CF6FFD218EC72B80099CF95 /* CustomInterfaceItems */,
				8CDE7BB218D0C21C0082FE17 /* AudioRecording */,
				8CDE7BD118D0C21C0082FE17 /* AudioRecordingTests */,
				8CDE7BAB18D0C21C0082FE17 /* Frameworks */,
				8CDE7BAA18D0C21C0082FE17 /* Products */,
			);
			sourceTree = "<group>";
		};
		8CDE7BAA18D0C21C0082FE17 /* Products */ = {
			isa = PBXGroup;
			children = (
				8CDE7BA918D0C21C0082FE17 /* AudioRecording.app */,
				8CDE7BCA18D0C21C0082FE17 /* AudioRecordingTests.xctest */,
			);
			name = Products;
			sourceTree = "<group>";
		};
		8CDE7BAB18D0C21C0082FE17 /* Frameworks */ = {
			isa = PBXGroup;
			children = (
				8CDE7BAC18D0C21C0082FE17 /* Foundation.framework */,
				8CDE7BAE18D0C21C0082FE17 /* CoreGraphics.framework */,
				8CDE7BB018D0C21C0082FE17 /* UIKit.framework */,
				8CDE7BCB18D0C21C0082FE17 /* XCTest.framework */,
			);
			name = Frameworks;
			sourceTree = "<group>";
		};
		8CDE7BB218D0C21C0082FE17 /* AudioRecording */ = {
			isa = PBXGroup;
			children = (
				57B301FB18F9C6A10002495C /* ViewControllers */,
				57B301F418F9A3FC0002495C /* ProjectState */,
				8CF6FFC118EC4D790099CF95 /* AudioPlayer */,
				8CE71EAE18E58AD500E40CBD /* AFNetworking */,
				8CE71EC218E58AD500E40CBD /* UIKit+AFNetworking */,
				8C0F5CFD18D9A86F007A6599 /* AppDelegate.h */,
				8C0F5CFE18D9A86F007A6599 /* AppDelegate.m */,
				8CDE7BBE18D0C21C0082FE17 /* Main.storyboard */,
				8CDE7BC418D0C21C0082FE17 /* Images.xcassets */,
				8CDE7BB318D0C21C0082FE17 /* Supporting Files */,
				8CF9FA8E18F6C4C900F99029 /* Session.h */,
				8CF9FA8F18F6C4C900F99029 /* Session.m */,
			);
			path = AudioRecording;
			sourceTree = "<group>";
		};
		8CDE7BB318D0C21C0082FE17 /* Supporting Files */ = {
			isa = PBXGroup;
			children = (
				8CE71EE218E5C8C800E40CBD /* Record.caf */,
				8C0A8FEC18E2FB8F00C7C815 /* Images */,
				8CDE7BE218D0CCB30082FE17 /* AudioPlayerViewController.h */,
				8CDE7BE318D0CCB30082FE17 /* AudioPlayerViewController.m */,
				8CDE7BB418D0C21C0082FE17 /* AudioRecording-Info.plist */,
				8CDE7BB518D0C21C0082FE17 /* InfoPlist.strings */,
				8CDE7BB818D0C21C0082FE17 /* main.m */,
				8CDE7BBA18D0C21C0082FE17 /* AudioRecording-Prefix.pch */,
			);
			name = "Supporting Files";
			sourceTree = "<group>";
		};
		8CDE7BD118D0C21C0082FE17 /* AudioRecordingTests */ = {
			isa = PBXGroup;
			children = (
				8CDE7BD718D0C21C0082FE17 /* AudioRecordingTests.m */,
				8CDE7BD218D0C21C0082FE17 /* Supporting Files */,
			);
			path = AudioRecordingTests;
			sourceTree = "<group>";
		};
		8CDE7BD218D0C21C0082FE17 /* Supporting Files */ = {
			isa = PBXGroup;
			children = (
				8CDE7BD318D0C21C0082FE17 /* AudioRecordingTests-Info.plist */,
				8CDE7BD418D0C21C0082FE17 /* InfoPlist.strings */,
			);
			name = "Supporting Files";
			sourceTree = "<group>";
		};
		8CE71EAE18E58AD500E40CBD /* AFNetworking */ = {
			isa = PBXGroup;
			children = (
				8CE71EAF18E58AD500E40CBD /* AFHTTPRequestOperation.h */,
				8CE71EB018E58AD500E40CBD /* AFHTTPRequestOperation.m */,
				8CE71EB118E58AD500E40CBD /* AFHTTPRequestOperationManager.h */,
				8CE71EB218E58AD500E40CBD /* AFHTTPRequestOperationManager.m */,
				8CE71EB318E58AD500E40CBD /* AFHTTPSessionManager.h */,
				8CE71EB418E58AD500E40CBD /* AFHTTPSessionManager.m */,
				8CE71EB518E58AD500E40CBD /* AFNetworking.h */,
				8CE71EB618E58AD500E40CBD /* AFNetworkReachabilityManager.h */,
				8CE71EB718E58AD500E40CBD /* AFNetworkReachabilityManager.m */,
				8CE71EB818E58AD500E40CBD /* AFSecurityPolicy.h */,
				8CE71EB918E58AD500E40CBD /* AFSecurityPolicy.m */,
				8CE71EBA18E58AD500E40CBD /* AFURLConnectionOperation.h */,
				8CE71EBB18E58AD500E40CBD /* AFURLConnectionOperation.m */,
				8CE71EBC18E58AD500E40CBD /* AFURLRequestSerialization.h */,
				8CE71EBD18E58AD500E40CBD /* AFURLRequestSerialization.m */,
				8CE71EBE18E58AD500E40CBD /* AFURLResponseSerialization.h */,
				8CE71EBF18E58AD500E40CBD /* AFURLResponseSerialization.m */,
				8CE71EC018E58AD500E40CBD /* AFURLSessionManager.h */,
				8CE71EC118E58AD500E40CBD /* AFURLSessionManager.m */,
			);
			path = AFNetworking;
			sourceTree = "<group>";
		};
		8CE71EC218E58AD500E40CBD /* UIKit+AFNetworking */ = {
			isa = PBXGroup;
			children = (
				8CE71EC318E58AD500E40CBD /* AFNetworkActivityIndicatorManager.h */,
				8CE71EC418E58AD500E40CBD /* AFNetworkActivityIndicatorManager.m */,
				8CE71EC518E58AD500E40CBD /* UIActivityIndicatorView+AFNetworking.h */,
				8CE71EC618E58AD500E40CBD /* UIActivityIndicatorView+AFNetworking.m */,
				8CE71EC718E58AD500E40CBD /* UIAlertView+AFNetworking.h */,
				8CE71EC818E58AD500E40CBD /* UIAlertView+AFNetworking.m */,
				8CE71EC918E58AD500E40CBD /* UIButton+AFNetworking.h */,
				8CE71ECA18E58AD500E40CBD /* UIButton+AFNetworking.m */,
				8CE71ECB18E58AD500E40CBD /* UIImageView+AFNetworking.h */,
				8CE71ECC18E58AD500E40CBD /* UIImageView+AFNetworking.m */,
				8CE71ECD18E58AD500E40CBD /* UIKit+AFNetworking.h */,
				8CE71ECE18E58AD500E40CBD /* UIProgressView+AFNetworking.h */,
				8CE71ECF18E58AD500E40CBD /* UIProgressView+AFNetworking.m */,
				8CE71ED018E58AD500E40CBD /* UIWebView+AFNetworking.h */,
				8CE71ED118E58AD500E40CBD /* UIWebView+AFNetworking.m */,
			);
			path = "UIKit+AFNetworking";
			sourceTree = "<group>";
		};
		8CF6FFC118EC4D790099CF95 /* AudioPlayer */ = {
			isa = PBXGroup;
			children = (
				8CF6FFBE18EC17490099CF95 /* AudioPlayer.h */,
				8CF6FFBF18EC17490099CF95 /* AudioPlayer.m */,
				8C21826318F2EF8C00A108F4 /* RRSample.h */,
				8C21826418F2EF8C00A108F4 /* RRSample.m */,
				8CF9FA9118F6D78E00F99029 /* DownloadedSamples.h */,
				8CF9FA9218F6D78E00F99029 /* DownloadedSamples.m */,
			);
			name = AudioPlayer;
			sourceTree = "<group>";
		};
		8CF6FFC518EC61800099CF95 /* Backgrounds */ = {
			isa = PBXGroup;
			children = (
				8C0A8FDA18E2D0F700C7C815 /* bgImage.jpg */,
				8CF0E41118E993E20070EDC0 /* background2.jpg */,
				8CF0E40D18E97D030070EDC0 /* background1.jpg */,
			);
			name = Backgrounds;
			sourceTree = "<group>";
		};
		8CF6FFC618EC61A00099CF95 /* Buttons */ = {
			isa = PBXGroup;
			children = (
				8C21825C18F2B93000A108F4 /* RecordPressedImage.png */,
				8C21825D18F2B93000A108F4 /* RecordNormalImage.png */,
				8C03E4DD18EEBFF900117D48 /* play.png */,
				8CF6FFC718EC61EC0099CF95 /* checkedCheckbox.png */,
				8CF6FFC818EC61EC0099CF95 /* uncheckedCheckbox.png */,
				8C0A8FE618E2FB8400C7C815 /* Stop-Pressed-Blue-icon.png */,
				8C0A8FE718E2FB8400C7C815 /* Play-Disabled-icon.png */,
				8C0A8FE418E2FB8400C7C815 /* Stop-Normal-Red-icon.png */,
				8C0A8FE518E2FB8400C7C815 /* Play-Pressed-icon.png */,
				8C0C3D0C18E9ADA7006C0748 /* button_play_green.png */,
			);
			name = Buttons;
			sourceTree = "<group>";
		};
		8CF6FFCE18EC6EEC0099CF95 /* CustomButtons */ = {
			isa = PBXGroup;
			children = (
				8CF6FFCB18EC6E840099CF95 /* RRButton.h */,
				8CF6FFCC18EC6E840099CF95 /* RRButton.m */,
				8CF6FFCF18EC70100099CF95 /* RRCheckBox.h */,
				8CF6FFD018EC70100099CF95 /* RRCheckBox.m */,
				8C5737F118F58ED300BA8DA7 /* RRSampleListPlayButton.h */,
				8C5737F218F58ED300BA8DA7 /* RRSampleListPlayButton.m */,
				8C5737F418F5918400BA8DA7 /* RRSampleListDeleteButton.h */,
				8C5737F518F5918400BA8DA7 /* RRSampleListDeleteButton.m */,
			);
			name = CustomButtons;
			sourceTree = "<group>";
		};
		8CF6FFD218EC72B80099CF95 /* CustomInterfaceItems */ = {
			isa = PBXGroup;
			children = (
				8C21825218F28A3C00A108F4 /* Track */,
				8C03E4D918EEAFED00117D48 /* CustomTableViewCell */,
				8CF6FFD318EC72C80099CF95 /* CustomTextBoxes */,
				8CF6FFCE18EC6EEC0099CF95 /* CustomButtons */,
			);
			name = CustomInterfaceItems;
			sourceTree = "<group>";
		};
		8CF6FFD318EC72C80099CF95 /* CustomTextBoxes */ = {
			isa = PBXGroup;
			children = (
				8CF6FFD418EC72E30099CF95 /* RRTextField.h */,
				8CF6FFD518EC72E30099CF95 /* RRTextField.m */,
			);
			name = CustomTextBoxes;
			sourceTree = "<group>";
		};
/* End PBXGroup section */

/* Begin PBXNativeTarget section */
		8CDE7BA818D0C21C0082FE17 /* AudioRecording */ = {
			isa = PBXNativeTarget;
			buildConfigurationList = 8CDE7BDB18D0C21C0082FE17 /* Build configuration list for PBXNativeTarget "AudioRecording" */;
			buildPhases = (
				8CDE7BA518D0C21C0082FE17 /* Sources */,
				8CDE7BA618D0C21C0082FE17 /* Frameworks */,
				8CDE7BA718D0C21C0082FE17 /* Resources */,
			);
			buildRules = (
			);
			dependencies = (
			);
			name = AudioRecording;
			productName = AudioRecording;
			productReference = 8CDE7BA918D0C21C0082FE17 /* AudioRecording.app */;
			productType = "com.apple.product-type.application";
		};
		8CDE7BC918D0C21C0082FE17 /* AudioRecordingTests */ = {
			isa = PBXNativeTarget;
			buildConfigurationList = 8CDE7BDE18D0C21C0082FE17 /* Build configuration list for PBXNativeTarget "AudioRecordingTests" */;
			buildPhases = (
				8CDE7BC618D0C21C0082FE17 /* Sources */,
				8CDE7BC718D0C21C0082FE17 /* Frameworks */,
				8CDE7BC818D0C21C0082FE17 /* Resources */,
			);
			buildRules = (
			);
			dependencies = (
				8CDE7BD018D0C21C0082FE17 /* PBXTargetDependency */,
			);
			name = AudioRecordingTests;
			productName = AudioRecordingTests;
			productReference = 8CDE7BCA18D0C21C0082FE17 /* AudioRecordingTests.xctest */;
			productType = "com.apple.product-type.bundle.unit-test";
		};
/* End PBXNativeTarget section */

/* Begin PBXProject section */
		8CDE7BA118D0C21C0082FE17 /* Project object */ = {
			isa = PBXProject;
			attributes = {
				LastUpgradeCheck = 0500;
				ORGANIZATIONNAME = "LaboratoriOS Cronian Academy";
				TargetAttributes = {
					8CDE7BA818D0C21C0082FE17 = {
						DevelopmentTeam = K98ZD5GWM9;
					};
					8CDE7BC918D0C21C0082FE17 = {
						TestTargetID = 8CDE7BA818D0C21C0082FE17;
					};
				};
			};
			buildConfigurationList = 8CDE7BA418D0C21C0082FE17 /* Build configuration list for PBXProject "AudioRecording" */;
			compatibilityVersion = "Xcode 3.2";
			developmentRegion = English;
			hasScannedForEncodings = 0;
			knownRegions = (
				en,
				Base,
			);
			mainGroup = 8CDE7BA018D0C21C0082FE17;
			productRefGroup = 8CDE7BAA18D0C21C0082FE17 /* Products */;
			projectDirPath = "";
			projectRoot = "";
			targets = (
				8CDE7BA818D0C21C0082FE17 /* AudioRecording */,
				8CDE7BC918D0C21C0082FE17 /* AudioRecordingTests */,
			);
		};
/* End PBXProject section */

/* Begin PBXResourcesBuildPhase section */
		8CDE7BA718D0C21C0082FE17 /* Resources */ = {
			isa = PBXResourcesBuildPhase;
			buildActionMask = 2147483647;
			files = (
				8C0A8FE918E2FB8400C7C815 /* Play-Pressed-icon.png in Resources */,
				8C21825E18F2B93000A108F4 /* RecordPressedImage.png in Resources */,
				8CF6FFCA18EC61EC0099CF95 /* uncheckedCheckbox.png in Resources */,
				8C0C3D0D18E9ADA7006C0748 /* button_play_green.png in Resources */,
				8CDE7BC518D0C21C0082FE17 /* Images.xcassets in Resources */,
				8C21825F18F2B93000A108F4 /* RecordNormalImage.png in Resources */,
				8CF0E41418E994C70070EDC0 /* orangePaper.jpg in Resources */,
				8CDE7BB718D0C21C0082FE17 /* InfoPlist.strings in Resources */,
				8CF6FFC918EC61EC0099CF95 /* checkedCheckbox.png in Resources */,
				8CF0E40E18E97D030070EDC0 /* background1.jpg in Resources */,
				8C0A8FDB18E2D0F700C7C815 /* bgImage.jpg in Resources */,
				8CF0E41018E981A60070EDC0 /* logo.png in Resources */,
				8CF0E41218E993E20070EDC0 /* background2.jpg in Resources */,
				8CF0E41618E998D20070EDC0 /* greenGradient.jpg in Resources */,
				8CE71EE318E5C8C800E40CBD /* Record.caf in Resources */,
				8C03E4DE18EEBFF900117D48 /* play.png in Resources */,
				8C5737F818F59BBB00BA8DA7 /* delete.png in Resources */,
				8C0A8FEB18E2FB8400C7C815 /* Play-Disabled-icon.png in Resources */,
				8CDE7BC018D0C21C0082FE17 /* Main.storyboard in Resources */,
				8C0A8FE818E2FB8400C7C815 /* Stop-Normal-Red-icon.png in Resources */,
				8C0A8FEA18E2FB8400C7C815 /* Stop-Pressed-Blue-icon.png in Resources */,
				8C0A8FE318E2EBEE00C7C815 /* navbar.png in Resources */,
			);
			runOnlyForDeploymentPostprocessing = 0;
		};
		8CDE7BC818D0C21C0082FE17 /* Resources */ = {
			isa = PBXResourcesBuildPhase;
			buildActionMask = 2147483647;
			files = (
				8CDE7BD618D0C21C0082FE17 /* InfoPlist.strings in Resources */,
			);
			runOnlyForDeploymentPostprocessing = 0;
		};
/* End PBXResourcesBuildPhase section */

/* Begin PBXSourcesBuildPhase section */
		8CDE7BA518D0C21C0082FE17 /* Sources */ = {
			isa = PBXSourcesBuildPhase;
			buildActionMask = 2147483647;
			files = (
				8CE71EDA18E58AD500E40CBD /* AFURLSessionManager.m in Sources */,
				8CF6FFD618EC72E30099CF95 /* RRTextField.m in Sources */,
				8CF6FFD118EC70100099CF95 /* RRCheckBox.m in Sources */,
				8CF0E40A18E9735C0070EDC0 /* LoginViewController.m in Sources */,
				8CDE7BC318D0C21C0082FE17 /* MainViewController.m in Sources */,
				8CDE7BE518D0CCB30082FE17 /* AudioPlayerViewController.m in Sources */,
				8CE71ED518E58AD500E40CBD /* AFNetworkReachabilityManager.m in Sources */,
				8CE71EDB18E58AD500E40CBD /* AFNetworkActivityIndicatorManager.m in Sources */,
				8C0A8FD918E2CC1200C7C815 /* RecordingViewController.m in Sources */,
				8C03E4DC18EEB01700117D48 /* RRTableViewCell.m in Sources */,
				8C21826518F2EF8C00A108F4 /* RRSample.m in Sources */,
				8CF6FFC018EC17490099CF95 /* AudioPlayer.m in Sources */,
				8CE71ED718E58AD500E40CBD /* AFURLConnectionOperation.m in Sources */,
				8CE71EE018E58AD500E40CBD /* UIProgressView+AFNetworking.m in Sources */,
				8CE71ED418E58AD500E40CBD /* AFHTTPSessionManager.m in Sources */,
				8CE71ED818E58AD500E40CBD /* AFURLRequestSerialization.m in Sources */,
				8CF9FA9318F6D78E00F99029 /* DownloadedSamples.m in Sources */,
				8C0F5CFC18D9A4B0007A6599 /* SampleListViewController.m in Sources */,
				8CE71EDE18E58AD500E40CBD /* UIButton+AFNetworking.m in Sources */,
				57B301F718F9A42B0002495C /* VBProjectState.m in Sources */,
				57B301FA18F9A5B80002495C /* VBSampleForSerialization.m in Sources */,
				8C5737F318F58ED300BA8DA7 /* RRSampleListPlayButton.m in Sources */,
				8CE71EDF18E58AD500E40CBD /* UIImageView+AFNetworking.m in Sources */,
				8CF9FA9018F6C4C900F99029 /* Session.m in Sources */,
				8C5737FB18F59CC200BA8DA7 /* SignUpViewController.m in Sources */,
				8CDE7BB918D0C21C0082FE17 /* main.m in Sources */,
				8C5737F618F5918400BA8DA7 /* RRSampleListDeleteButton.m in Sources */,
				8C0F5CFF18D9A86F007A6599 /* AppDelegate.m in Sources */,
				8CE71EDD18E58AD500E40CBD /* UIAlertView+AFNetworking.m in Sources */,
				8CF6FFC418EC4DA80099CF95 /* EditorViewController.m in Sources */,
				8CE71EE118E58AD500E40CBD /* UIWebView+AFNetworking.m in Sources */,
				8CE71EDC18E58AD500E40CBD /* UIActivityIndicatorView+AFNetworking.m in Sources */,
				8CE71ED318E58AD500E40CBD /* AFHTTPRequestOperationManager.m in Sources */,
				8CE71ED618E58AD500E40CBD /* AFSecurityPolicy.m in Sources */,
				8CF6FFCD18EC6E840099CF95 /* RRButton.m in Sources */,
				8CE71ED918E58AD500E40CBD /* AFURLResponseSerialization.m in Sources */,
				8CE71ED218E58AD500E40CBD /* AFHTTPRequestOperation.m in Sources */,
			);
			runOnlyForDeploymentPostprocessing = 0;
		};
		8CDE7BC618D0C21C0082FE17 /* Sources */ = {
			isa = PBXSourcesBuildPhase;
			buildActionMask = 2147483647;
			files = (
				8CDE7BD818D0C21C0082FE17 /* AudioRecordingTests.m in Sources */,
			);
			runOnlyForDeploymentPostprocessing = 0;
		};
/* End PBXSourcesBuildPhase section */

/* Begin PBXTargetDependency section */
		8CDE7BD018D0C21C0082FE17 /* PBXTargetDependency */ = {
			isa = PBXTargetDependency;
			target = 8CDE7BA818D0C21C0082FE17 /* AudioRecording */;
			targetProxy = 8CDE7BCF18D0C21C0082FE17 /* PBXContainerItemProxy */;
		};
/* End PBXTargetDependency section */

/* Begin PBXVariantGroup section */
		8CDE7BB518D0C21C0082FE17 /* InfoPlist.strings */ = {
			isa = PBXVariantGroup;
			children = (
				8CDE7BB618D0C21C0082FE17 /* en */,
			);
			name = InfoPlist.strings;
			sourceTree = "<group>";
		};
		8CDE7BBE18D0C21C0082FE17 /* Main.storyboard */ = {
			isa = PBXVariantGroup;
			children = (
				8CDE7BBF18D0C21C0082FE17 /* Base */,
			);
			name = Main.storyboard;
			sourceTree = "<group>";
		};
		8CDE7BD418D0C21C0082FE17 /* InfoPlist.strings */ = {
			isa = PBXVariantGroup;
			children = (
				8CDE7BD518D0C21C0082FE17 /* en */,
			);
			name = InfoPlist.strings;
			sourceTree = "<group>";
		};
/* End PBXVariantGroup section */

/* Begin XCBuildConfiguration section */
		8CDE7BD918D0C21C0082FE17 /* Debug */ = {
			isa = XCBuildConfiguration;
			buildSettings = {
				ALWAYS_SEARCH_USER_PATHS = NO;
				ARCHS = "$(ARCHS_STANDARD_INCLUDING_64_BIT)";
				CLANG_CXX_LANGUAGE_STANDARD = "gnu++0x";
				CLANG_CXX_LIBRARY = "libc++";
				CLANG_ENABLE_MODULES = YES;
				CLANG_ENABLE_OBJC_ARC = YES;
				CLANG_WARN_BOOL_CONVERSION = YES;
				CLANG_WARN_CONSTANT_CONVERSION = YES;
				CLANG_WARN_DIRECT_OBJC_ISA_USAGE = YES_ERROR;
				CLANG_WARN_EMPTY_BODY = YES;
				CLANG_WARN_ENUM_CONVERSION = YES;
				CLANG_WARN_INT_CONVERSION = YES;
				CLANG_WARN_OBJC_ROOT_CLASS = YES_ERROR;
				CLANG_WARN__DUPLICATE_METHOD_MATCH = YES;
				"CODE_SIGN_IDENTITY[sdk=iphoneos*]" = "iPhone Developer";
				COPY_PHASE_STRIP = NO;
				GCC_C_LANGUAGE_STANDARD = gnu99;
				GCC_DYNAMIC_NO_PIC = NO;
				GCC_OPTIMIZATION_LEVEL = 0;
				GCC_PREPROCESSOR_DEFINITIONS = (
					"DEBUG=1",
					"$(inherited)",
				);
				GCC_SYMBOLS_PRIVATE_EXTERN = NO;
				GCC_WARN_64_TO_32_BIT_CONVERSION = YES;
				GCC_WARN_ABOUT_RETURN_TYPE = YES_ERROR;
				GCC_WARN_UNDECLARED_SELECTOR = YES;
				GCC_WARN_UNINITIALIZED_AUTOS = YES;
				GCC_WARN_UNUSED_FUNCTION = YES;
				GCC_WARN_UNUSED_VARIABLE = YES;
				IPHONEOS_DEPLOYMENT_TARGET = 7.0;
				ONLY_ACTIVE_ARCH = YES;
				SDKROOT = iphoneos;
			};
			name = Debug;
		};
		8CDE7BDA18D0C21C0082FE17 /* Release */ = {
			isa = XCBuildConfiguration;
			buildSettings = {
				ALWAYS_SEARCH_USER_PATHS = NO;
				ARCHS = "$(ARCHS_STANDARD_INCLUDING_64_BIT)";
				CLANG_CXX_LANGUAGE_STANDARD = "gnu++0x";
				CLANG_CXX_LIBRARY = "libc++";
				CLANG_ENABLE_MODULES = YES;
				CLANG_ENABLE_OBJC_ARC = YES;
				CLANG_WARN_BOOL_CONVERSION = YES;
				CLANG_WARN_CONSTANT_CONVERSION = YES;
				CLANG_WARN_DIRECT_OBJC_ISA_USAGE = YES_ERROR;
				CLANG_WARN_EMPTY_BODY = YES;
				CLANG_WARN_ENUM_CONVERSION = YES;
				CLANG_WARN_INT_CONVERSION = YES;
				CLANG_WARN_OBJC_ROOT_CLASS = YES_ERROR;
				CLANG_WARN__DUPLICATE_METHOD_MATCH = YES;
				"CODE_SIGN_IDENTITY[sdk=iphoneos*]" = "iPhone Developer";
				COPY_PHASE_STRIP = YES;
				ENABLE_NS_ASSERTIONS = NO;
				GCC_C_LANGUAGE_STANDARD = gnu99;
				GCC_WARN_64_TO_32_BIT_CONVERSION = YES;
				GCC_WARN_ABOUT_RETURN_TYPE = YES_ERROR;
				GCC_WARN_UNDECLARED_SELECTOR = YES;
				GCC_WARN_UNINITIALIZED_AUTOS = YES;
				GCC_WARN_UNUSED_FUNCTION = YES;
				GCC_WARN_UNUSED_VARIABLE = YES;
				IPHONEOS_DEPLOYMENT_TARGET = 7.0;
				SDKROOT = iphoneos;
				VALIDATE_PRODUCT = YES;
			};
			name = Release;
		};
		8CDE7BDC18D0C21C0082FE17 /* Debug */ = {
			isa = XCBuildConfiguration;
			buildSettings = {
				ASSETCATALOG_COMPILER_APPICON_NAME = AppIcon;
				ASSETCATALOG_COMPILER_LAUNCHIMAGE_NAME = LaunchImage;
				CODE_SIGN_IDENTITY = "iPhone Developer";
				GCC_PRECOMPILE_PREFIX_HEADER = YES;
				GCC_PREFIX_HEADER = "AudioRecording/AudioRecording-Prefix.pch";
				INFOPLIST_FILE = "AudioRecording/AudioRecording-Info.plist";
				IPHONEOS_DEPLOYMENT_TARGET = 6.0;
				PRODUCT_NAME = "$(TARGET_NAME)";
				TARGETED_DEVICE_FAMILY = 1;
				WRAPPER_EXTENSION = app;
			};
			name = Debug;
		};
		8CDE7BDD18D0C21C0082FE17 /* Release */ = {
			isa = XCBuildConfiguration;
			buildSettings = {
				ASSETCATALOG_COMPILER_APPICON_NAME = AppIcon;
				ASSETCATALOG_COMPILER_LAUNCHIMAGE_NAME = LaunchImage;
				CODE_SIGN_IDENTITY = "iPhone Developer";
				GCC_PRECOMPILE_PREFIX_HEADER = YES;
				GCC_PREFIX_HEADER = "AudioRecording/AudioRecording-Prefix.pch";
				INFOPLIST_FILE = "AudioRecording/AudioRecording-Info.plist";
				IPHONEOS_DEPLOYMENT_TARGET = 6.0;
				PRODUCT_NAME = "$(TARGET_NAME)";
				TARGETED_DEVICE_FAMILY = 1;
				WRAPPER_EXTENSION = app;
			};
			name = Release;
		};
		8CDE7BDF18D0C21C0082FE17 /* Debug */ = {
			isa = XCBuildConfiguration;
			buildSettings = {
				ARCHS = "$(ARCHS_STANDARD_INCLUDING_64_BIT)";
				BUNDLE_LOADER = "$(BUILT_PRODUCTS_DIR)/AudioRecording.app/AudioRecording";
				FRAMEWORK_SEARCH_PATHS = (
					"$(SDKROOT)/Developer/Library/Frameworks",
					"$(inherited)",
					"$(DEVELOPER_FRAMEWORKS_DIR)",
				);
				GCC_PRECOMPILE_PREFIX_HEADER = YES;
				GCC_PREFIX_HEADER = "AudioRecording/AudioRecording-Prefix.pch";
				GCC_PREPROCESSOR_DEFINITIONS = (
					"DEBUG=1",
					"$(inherited)",
				);
				INFOPLIST_FILE = "AudioRecordingTests/AudioRecordingTests-Info.plist";
				PRODUCT_NAME = "$(TARGET_NAME)";
				TEST_HOST = "$(BUNDLE_LOADER)";
				WRAPPER_EXTENSION = xctest;
			};
			name = Debug;
		};
		8CDE7BE018D0C21C0082FE17 /* Release */ = {
			isa = XCBuildConfiguration;
			buildSettings = {
				ARCHS = "$(ARCHS_STANDARD_INCLUDING_64_BIT)";
				BUNDLE_LOADER = "$(BUILT_PRODUCTS_DIR)/AudioRecording.app/AudioRecording";
				FRAMEWORK_SEARCH_PATHS = (
					"$(SDKROOT)/Developer/Library/Frameworks",
					"$(inherited)",
					"$(DEVELOPER_FRAMEWORKS_DIR)",
				);
				GCC_PRECOMPILE_PREFIX_HEADER = YES;
				GCC_PREFIX_HEADER = "AudioRecording/AudioRecording-Prefix.pch";
				INFOPLIST_FILE = "AudioRecordingTests/AudioRecordingTests-Info.plist";
				PRODUCT_NAME = "$(TARGET_NAME)";
				TEST_HOST = "$(BUNDLE_LOADER)";
				WRAPPER_EXTENSION = xctest;
			};
			name = Release;
		};
/* End XCBuildConfiguration section */

/* Begin XCConfigurationList section */
		8CDE7BA418D0C21C0082FE17 /* Build configuration list for PBXProject "AudioRecording" */ = {
			isa = XCConfigurationList;
			buildConfigurations = (
				8CDE7BD918D0C21C0082FE17 /* Debug */,
				8CDE7BDA18D0C21C0082FE17 /* Release */,
			);
			defaultConfigurationIsVisible = 0;
			defaultConfigurationName = Release;
		};
		8CDE7BDB18D0C21C0082FE17 /* Build configuration list for PBXNativeTarget "AudioRecording" */ = {
			isa = XCConfigurationList;
			buildConfigurations = (
				8CDE7BDC18D0C21C0082FE17 /* Debug */,
				8CDE7BDD18D0C21C0082FE17 /* Release */,
			);
			defaultConfigurationIsVisible = 0;
			defaultConfigurationName = Release;
		};
		8CDE7BDE18D0C21C0082FE17 /* Build configuration list for PBXNativeTarget "AudioRecordingTests" */ = {
			isa = XCConfigurationList;
			buildConfigurations = (
				8CDE7BDF18D0C21C0082FE17 /* Debug */,
				8CDE7BE018D0C21C0082FE17 /* Release */,
			);
			defaultConfigurationIsVisible = 0;
			defaultConfigurationName = Release;
		};
/* End XCConfigurationList section */
	};
	rootObject = 8CDE7BA118D0C21C0082FE17 /* Project object */;
}
